// !$*UTF8*$!
{
	archiveVersion = 1;
	classes = {
	};
	objectVersion = 46;
	objects = {

/* Begin PBXBuildFile section */
		2ED62741179AF0D595777034 /* libPods-YakirString.a in Frameworks */ = {isa = PBXBuildFile; fileRef = F129DD314F8E87651DBAA5FD /* libPods-YakirString.a */; };
		34A754B31DD1AB97005D776B /* main.m in Sources */ = {isa = PBXBuildFile; fileRef = 34A754B21DD1AB97005D776B /* main.m */; };
		34A754B61DD1AB97005D776B /* AppDelegate.m in Sources */ = {isa = PBXBuildFile; fileRef = 34A754B51DD1AB97005D776B /* AppDelegate.m */; };
		34A754B91DD1AB97005D776B /* ViewController.m in Sources */ = {isa = PBXBuildFile; fileRef = 34A754B81DD1AB97005D776B /* ViewController.m */; };
		34A754BC1DD1AB97005D776B /* Main.storyboard in Resources */ = {isa = PBXBuildFile; fileRef = 34A754BA1DD1AB97005D776B /* Main.storyboard */; };
		34A754BE1DD1AB97005D776B /* Assets.xcassets in Resources */ = {isa = PBXBuildFile; fileRef = 34A754BD1DD1AB97005D776B /* Assets.xcassets */; };
		34A754C11DD1AB97005D776B /* LaunchScreen.storyboard in Resources */ = {isa = PBXBuildFile; fileRef = 34A754BF1DD1AB97005D776B /* LaunchScreen.storyboard */; };
		34A754CC1DD1AB97005D776B /* YakirStringTests.m in Sources */ = {isa = PBXBuildFile; fileRef = 34A754CB1DD1AB97005D776B /* YakirStringTests.m */; };
		34A754D71DD1AB97005D776B /* YakirStringUITests.m in Sources */ = {isa = PBXBuildFile; fileRef = 34A754D61DD1AB97005D776B /* YakirStringUITests.m */; };
		34A755021DD1CBDD005D776B /* NSData+Category.m in Sources */ = {isa = PBXBuildFile; fileRef = 34A754FB1DD1CBDD005D776B /* NSData+Category.m */; };
		34A755031DD1CBDD005D776B /* NDJson.m in Sources */ = {isa = PBXBuildFile; fileRef = 34A754FE1DD1CBDD005D776B /* NDJson.m */; };
		34A755041DD1CBDD005D776B /* NSString+Category.m in Sources */ = {isa = PBXBuildFile; fileRef = 34A755011DD1CBDD005D776B /* NSString+Category.m */; };
/* End PBXBuildFile section */

/* Begin PBXContainerItemProxy section */
		34A754C81DD1AB97005D776B /* PBXContainerItemProxy */ = {
			isa = PBXContainerItemProxy;
			containerPortal = 34A754A61DD1AB97005D776B /* Project object */;
			proxyType = 1;
			remoteGlobalIDString = 34A754AD1DD1AB97005D776B;
			remoteInfo = YakirString;
		};
		34A754D31DD1AB97005D776B /* PBXContainerItemProxy */ = {
			isa = PBXContainerItemProxy;
			containerPortal = 34A754A61DD1AB97005D776B /* Project object */;
			proxyType = 1;
			remoteGlobalIDString = 34A754AD1DD1AB97005D776B;
			remoteInfo = YakirString;
		};
/* End PBXContainerItemProxy section */

/* Begin PBXFileReference section */
		34A754AE1DD1AB97005D776B /* YakirString.app */ = {isa = PBXFileReference; explicitFileType = wrapper.application; includeInIndex = 0; path = YakirString.app; sourceTree = BUILT_PRODUCTS_DIR; };
		34A754B21DD1AB97005D776B /* main.m */ = {isa = PBXFileReference; lastKnownFileType = sourcecode.c.objc; path = main.m; sourceTree = "<group>"; };
		34A754B41DD1AB97005D776B /* AppDelegate.h */ = {isa = PBXFileReference; lastKnownFileType = sourcecode.c.h; path = AppDelegate.h; sourceTree = "<group>"; };
		34A754B51DD1AB97005D776B /* AppDelegate.m */ = {isa = PBXFileReference; lastKnownFileType = sourcecode.c.objc; path = AppDelegate.m; sourceTree = "<group>"; };
		34A754B71DD1AB97005D776B /* ViewController.h */ = {isa = PBXFileReference; lastKnownFileType = sourcecode.c.h; path = ViewController.h; sourceTree = "<group>"; };
		34A754B81DD1AB97005D776B /* ViewController.m */ = {isa = PBXFileReference; lastKnownFileType = sourcecode.c.objc; path = ViewController.m; sourceTree = "<group>"; };
		34A754BB1DD1AB97005D776B /* Base */ = {isa = PBXFileReference; lastKnownFileType = file.storyboard; name = Base; path = Base.lproj/Main.storyboard; sourceTree = "<group>"; };
		34A754BD1DD1AB97005D776B /* Assets.xcassets */ = {isa = PBXFileReference; lastKnownFileType = folder.assetcatalog; path = Assets.xcassets; sourceTree = "<group>"; };
		34A754C01DD1AB97005D776B /* Base */ = {isa = PBXFileReference; lastKnownFileType = file.storyboard; name = Base; path = Base.lproj/LaunchScreen.storyboard; sourceTree = "<group>"; };
		34A754C21DD1AB97005D776B /* Info.plist */ = {isa = PBXFileReference; lastKnownFileType = text.plist.xml; path = Info.plist; sourceTree = "<group>"; };
		34A754C71DD1AB97005D776B /* YakirStringTests.xctest */ = {isa = PBXFileReference; explicitFileType = wrapper.cfbundle; includeInIndex = 0; path = YakirStringTests.xctest; sourceTree = BUILT_PRODUCTS_DIR; };
		34A754CB1DD1AB97005D776B /* YakirStringTests.m */ = {isa = PBXFileReference; lastKnownFileType = sourcecode.c.objc; path = YakirStringTests.m; sourceTree = "<group>"; };
		34A754CD1DD1AB97005D776B /* Info.plist */ = {isa = PBXFileReference; lastKnownFileType = text.plist.xml; path = Info.plist; sourceTree = "<group>"; };
		34A754D21DD1AB97005D776B /* YakirStringUITests.xctest */ = {isa = PBXFileReference; explicitFileType = wrapper.cfbundle; includeInIndex = 0; path = YakirStringUITests.xctest; sourceTree = BUILT_PRODUCTS_DIR; };
		34A754D61DD1AB97005D776B /* YakirStringUITests.m */ = {isa = PBXFileReference; lastKnownFileType = sourcecode.c.objc; path = YakirStringUITests.m; sourceTree = "<group>"; };
		34A754D81DD1AB97005D776B /* Info.plist */ = {isa = PBXFileReference; lastKnownFileType = text.plist.xml; path = Info.plist; sourceTree = "<group>"; };
		34A754FA1DD1CBDD005D776B /* NSData+Category.h */ = {isa = PBXFileReference; fileEncoding = 4; lastKnownFileType = sourcecode.c.h; path = "NSData+Category.h"; sourceTree = "<group>"; };
		34A754FB1DD1CBDD005D776B /* NSData+Category.m */ = {isa = PBXFileReference; fileEncoding = 4; lastKnownFileType = sourcecode.c.objc; path = "NSData+Category.m"; sourceTree = "<group>"; };
		34A754FD1DD1CBDD005D776B /* NDJson.h */ = {isa = PBXFileReference; fileEncoding = 4; lastKnownFileType = sourcecode.c.h; path = NDJson.h; sourceTree = "<group>"; };
		34A754FE1DD1CBDD005D776B /* NDJson.m */ = {isa = PBXFileReference; fileEncoding = 4; lastKnownFileType = sourcecode.c.objc; path = NDJson.m; sourceTree = "<group>"; };
		34A754FF1DD1CBDD005D776B /* NDString.h */ = {isa = PBXFileReference; fileEncoding = 4; lastKnownFileType = sourcecode.c.h; path = NDString.h; sourceTree = "<group>"; };
		34A755001DD1CBDD005D776B /* NSString+Category.h */ = {isa = PBXFileReference; fileEncoding = 4; lastKnownFileType = sourcecode.c.h; path = "NSString+Category.h"; sourceTree = "<group>"; };
		34A755011DD1CBDD005D776B /* NSString+Category.m */ = {isa = PBXFileReference; fileEncoding = 4; lastKnownFileType = sourcecode.c.objc; path = "NSString+Category.m"; sourceTree = "<group>"; };
		6AA7062F625A0E840FCAE16E /* Pods-YakirString.release.xcconfig */ = {isa = PBXFileReference; includeInIndex = 1; lastKnownFileType = text.xcconfig; name = "Pods-YakirString.release.xcconfig"; path = "Pods/Target Support Files/Pods-YakirString/Pods-YakirString.release.xcconfig"; sourceTree = "<group>"; };
		7162E4C359E09ADFE5E0A5E3 /* Pods-YakirString.debug.xcconfig */ = {isa = PBXFileReference; includeInIndex = 1; lastKnownFileType = text.xcconfig; name = "Pods-YakirString.debug.xcconfig"; path = "Pods/Target Support Files/Pods-YakirString/Pods-YakirString.debug.xcconfig"; sourceTree = "<group>"; };
		F129DD314F8E87651DBAA5FD /* libPods-YakirString.a */ = {isa = PBXFileReference; explicitFileType = archive.ar; includeInIndex = 0; path = "libPods-YakirString.a"; sourceTree = BUILT_PRODUCTS_DIR; };
/* End PBXFileReference section */

/* Begin PBXFrameworksBuildPhase section */
		34A754AB1DD1AB97005D776B /* Frameworks */ = {
			isa = PBXFrameworksBuildPhase;
			buildActionMask = 2147483647;
			files = (
				2ED62741179AF0D595777034 /* libPods-YakirString.a in Frameworks */,
			);
			runOnlyForDeploymentPostprocessing = 0;
		};
		34A754C41DD1AB97005D776B /* Frameworks */ = {
			isa = PBXFrameworksBuildPhase;
			buildActionMask = 2147483647;
			files = (
			);
			runOnlyForDeploymentPostprocessing = 0;
		};
		34A754CF1DD1AB97005D776B /* Frameworks */ = {
			isa = PBXFrameworksBuildPhase;
			buildActionMask = 2147483647;
			files = (
			);
			runOnlyForDeploymentPostprocessing = 0;
		};
/* End PBXFrameworksBuildPhase section */

/* Begin PBXGroup section */
		1B5A44FD332ECB62621B6139 /* Pods */ = {
			isa = PBXGroup;
			children = (
				7162E4C359E09ADFE5E0A5E3 /* Pods-YakirString.debug.xcconfig */,
				6AA7062F625A0E840FCAE16E /* Pods-YakirString.release.xcconfig */,
			);
			name = Pods;
			sourceTree = "<group>";
		};
		34A754A51DD1AB97005D776B = {
			isa = PBXGroup;
			children = (
				34A754B01DD1AB97005D776B /* YakirString */,
				34A754CA1DD1AB97005D776B /* YakirStringTests */,
				34A754D51DD1AB97005D776B /* YakirStringUITests */,
				34A754AF1DD1AB97005D776B /* Products */,
				1B5A44FD332ECB62621B6139 /* Pods */,
				7336AAF0B774CE96974224C2 /* Frameworks */,
			);
			sourceTree = "<group>";
		};
		34A754AF1DD1AB97005D776B /* Products */ = {
			isa = PBXGroup;
			children = (
				34A754AE1DD1AB97005D776B /* YakirString.app */,
				34A754C71DD1AB97005D776B /* YakirStringTests.xctest */,
				34A754D21DD1AB97005D776B /* YakirStringUITests.xctest */,
			);
			name = Products;
			sourceTree = "<group>";
		};
		34A754B01DD1AB97005D776B /* YakirString */ = {
			isa = PBXGroup;
			children = (
				34A754F81DD1CBDD005D776B /* lib */,
				34A754B41DD1AB97005D776B /* AppDelegate.h */,
				34A754B51DD1AB97005D776B /* AppDelegate.m */,
				34A754B71DD1AB97005D776B /* ViewController.h */,
				34A754B81DD1AB97005D776B /* ViewController.m */,
				34A754BA1DD1AB97005D776B /* Main.storyboard */,
				34A754BD1DD1AB97005D776B /* Assets.xcassets */,
				34A754BF1DD1AB97005D776B /* LaunchScreen.storyboard */,
				34A754C21DD1AB97005D776B /* Info.plist */,
				34A754B11DD1AB97005D776B /* Supporting Files */,
			);
			path = YakirString;
			sourceTree = "<group>";
		};
		34A754B11DD1AB97005D776B /* Supporting Files */ = {
			isa = PBXGroup;
			children = (
				34A754B21DD1AB97005D776B /* main.m */,
			);
			name = "Supporting Files";
			sourceTree = "<group>";
		};
		34A754CA1DD1AB97005D776B /* YakirStringTests */ = {
			isa = PBXGroup;
			children = (
				34A754CB1DD1AB97005D776B /* YakirStringTests.m */,
				34A754CD1DD1AB97005D776B /* Info.plist */,
			);
			path = YakirStringTests;
			sourceTree = "<group>";
		};
		34A754D51DD1AB97005D776B /* YakirStringUITests */ = {
			isa = PBXGroup;
			children = (
				34A754D61DD1AB97005D776B /* YakirStringUITests.m */,
				34A754D81DD1AB97005D776B /* Info.plist */,
			);
			path = YakirStringUITests;
			sourceTree = "<group>";
		};
		34A754F81DD1CBDD005D776B /* lib */ = {
			isa = PBXGroup;
			children = (
				34A754F91DD1CBDD005D776B /* NSData */,
				34A754FC1DD1CBDD005D776B /* NSString */,
			);
			path = lib;
			sourceTree = SOURCE_ROOT;
		};
		34A754F91DD1CBDD005D776B /* NSData */ = {
			isa = PBXGroup;
			children = (
				34A754FA1DD1CBDD005D776B /* NSData+Category.h */,
				34A754FB1DD1CBDD005D776B /* NSData+Category.m */,
			);
			path = NSData;
			sourceTree = "<group>";
		};
		34A754FC1DD1CBDD005D776B /* NSString */ = {
			isa = PBXGroup;
			children = (
				34A754FD1DD1CBDD005D776B /* NDJson.h */,
				34A754FE1DD1CBDD005D776B /* NDJson.m */,
				34A754FF1DD1CBDD005D776B /* NDString.h */,
				34A755001DD1CBDD005D776B /* NSString+Category.h */,
				34A755011DD1CBDD005D776B /* NSString+Category.m */,
			);
			path = NSString;
			sourceTree = "<group>";
		};
		7336AAF0B774CE96974224C2 /* Frameworks */ = {
			isa = PBXGroup;
			children = (
				F129DD314F8E87651DBAA5FD /* libPods-YakirString.a */,
			);
			name = Frameworks;
			sourceTree = "<group>";
		};
/* End PBXGroup section */

/* Begin PBXNativeTarget section */
		34A754AD1DD1AB97005D776B /* YakirString */ = {
			isa = PBXNativeTarget;
			buildConfigurationList = 34A754DB1DD1AB97005D776B /* Build configuration list for PBXNativeTarget "YakirString" */;
			buildPhases = (
				FB6D7F2B638D238C77A60040 /* Check Pods Manifest.lock */,
				34A754AA1DD1AB97005D776B /* Sources */,
				34A754AB1DD1AB97005D776B /* Frameworks */,
				34A754AC1DD1AB97005D776B /* Resources */,
				2255256D6D9603DC460FA9FC /* Embed Pods Frameworks */,
				A48235CC509F336B4D41AE02 /* Copy Pods Resources */,
			);
			buildRules = (
			);
			dependencies = (
			);
			name = YakirString;
			productName = YakirString;
			productReference = 34A754AE1DD1AB97005D776B /* YakirString.app */;
			productType = "com.apple.product-type.application";
		};
		34A754C61DD1AB97005D776B /* YakirStringTests */ = {
			isa = PBXNativeTarget;
			buildConfigurationList = 34A754DE1DD1AB97005D776B /* Build configuration list for PBXNativeTarget "YakirStringTests" */;
			buildPhases = (
				34A754C31DD1AB97005D776B /* Sources */,
				34A754C41DD1AB97005D776B /* Frameworks */,
				34A754C51DD1AB97005D776B /* Resources */,
			);
			buildRules = (
			);
			dependencies = (
				34A754C91DD1AB97005D776B /* PBXTargetDependency */,
			);
			name = YakirStringTests;
			productName = YakirStringTests;
			productReference = 34A754C71DD1AB97005D776B /* YakirStringTests.xctest */;
			productType = "com.apple.product-type.bundle.unit-test";
		};
		34A754D11DD1AB97005D776B /* YakirStringUITests */ = {
			isa = PBXNativeTarget;
			buildConfigurationList = 34A754E11DD1AB97005D776B /* Build configuration list for PBXNativeTarget "YakirStringUITests" */;
			buildPhases = (
				34A754CE1DD1AB97005D776B /* Sources */,
				34A754CF1DD1AB97005D776B /* Frameworks */,
				34A754D01DD1AB97005D776B /* Resources */,
			);
			buildRules = (
			);
			dependencies = (
				34A754D41DD1AB97005D776B /* PBXTargetDependency */,
			);
			name = YakirStringUITests;
			productName = YakirStringUITests;
			productReference = 34A754D21DD1AB97005D776B /* YakirStringUITests.xctest */;
			productType = "com.apple.product-type.bundle.ui-testing";
		};
/* End PBXNativeTarget section */

/* Begin PBXProject section */
		34A754A61DD1AB97005D776B /* Project object */ = {
			isa = PBXProject;
			attributes = {
				LastUpgradeCheck = 0810;
				ORGANIZATIONNAME = "吴焰基";
				TargetAttributes = {
					34A754AD1DD1AB97005D776B = {
						CreatedOnToolsVersion = 8.1;
						DevelopmentTeam = 3NV5TP9U7U;
						ProvisioningStyle = Automatic;
					};
					34A754C61DD1AB97005D776B = {
						CreatedOnToolsVersion = 8.1;
						DevelopmentTeam = 3NV5TP9U7U;
						ProvisioningStyle = Automatic;
						TestTargetID = 34A754AD1DD1AB97005D776B;
					};
					34A754D11DD1AB97005D776B = {
						CreatedOnToolsVersion = 8.1;
						DevelopmentTeam = 3NV5TP9U7U;
						ProvisioningStyle = Automatic;
						TestTargetID = 34A754AD1DD1AB97005D776B;
					};
				};
			};
			buildConfigurationList = 34A754A91DD1AB97005D776B /* Build configuration list for PBXProject "YakirString" */;
			compatibilityVersion = "Xcode 3.2";
			developmentRegion = English;
			hasScannedForEncodings = 0;
			knownRegions = (
				en,
				Base,
			);
			mainGroup = 34A754A51DD1AB97005D776B;
			productRefGroup = 34A754AF1DD1AB97005D776B /* Products */;
			projectDirPath = "";
			projectRoot = "";
			targets = (
				34A754AD1DD1AB97005D776B /* YakirString */,
				34A754C61DD1AB97005D776B /* YakirStringTests */,
				34A754D11DD1AB97005D776B /* YakirStringUITests */,
			);
		};
/* End PBXProject section */

/* Begin PBXResourcesBuildPhase section */
		34A754AC1DD1AB97005D776B /* Resources */ = {
			isa = PBXResourcesBuildPhase;
			buildActionMask = 2147483647;
			files = (
				34A754C11DD1AB97005D776B /* LaunchScreen.storyboard in Resources */,
				34A754BE1DD1AB97005D776B /* Assets.xcassets in Resources */,
				34A754BC1DD1AB97005D776B /* Main.storyboard in Resources */,
			);
			runOnlyForDeploymentPostprocessing = 0;
		};
		34A754C51DD1AB97005D776B /* Resources */ = {
			isa = PBXResourcesBuildPhase;
			buildActionMask = 2147483647;
			files = (
			);
			runOnlyForDeploymentPostprocessing = 0;
		};
		34A754D01DD1AB97005D776B /* Resources */ = {
			isa = PBXResourcesBuildPhase;
			buildActionMask = 2147483647;
			files = (
			);
			runOnlyForDeploymentPostprocessing = 0;
		};
/* End PBXResourcesBuildPhase section */

/* Begin PBXShellScriptBuildPhase section */
		2255256D6D9603DC460FA9FC /* Embed Pods Frameworks */ = {
			isa = PBXShellScriptBuildPhase;
			buildActionMask = 2147483647;
			files = (
			);
			inputPaths = (
			);
			name = "Embed Pods Frameworks";
			outputPaths = (
			);
			runOnlyForDeploymentPostprocessing = 0;
			shellPath = /bin/sh;
			shellScript = "\"${SRCROOT}/Pods/Target Support Files/Pods-YakirString/Pods-YakirString-frameworks.sh\"\n";
			showEnvVarsInLog = 0;
		};
		A48235CC509F336B4D41AE02 /* Copy Pods Resources */ = {
			isa = PBXShellScriptBuildPhase;
			buildActionMask = 2147483647;
			files = (
			);
			inputPaths = (
			);
			name = "Copy Pods Resources";
			outputPaths = (
			);
			runOnlyForDeploymentPostprocessing = 0;
			shellPath = /bin/sh;
			shellScript = "\"${SRCROOT}/Pods/Target Support Files/Pods-YakirString/Pods-YakirString-resources.sh\"\n";
			showEnvVarsInLog = 0;
		};
		FB6D7F2B638D238C77A60040 /* Check Pods Manifest.lock */ = {
			isa = PBXShellScriptBuildPhase;
			buildActionMask = 2147483647;
			files = (
			);
			inputPaths = (
			);
			name = "Check Pods Manifest.lock";
			outputPaths = (
			);
			runOnlyForDeploymentPostprocessing = 0;
			shellPath = /bin/sh;
			shellScript = "diff \"${PODS_ROOT}/../Podfile.lock\" \"${PODS_ROOT}/Manifest.lock\" > /dev/null\nif [[ $? != 0 ]] ; then\n    cat << EOM\nerror: The sandbox is not in sync with the Podfile.lock. Run 'pod install' or update your CocoaPods installation.\nEOM\n    exit 1\nfi\n";
			showEnvVarsInLog = 0;
		};
/* End PBXShellScriptBuildPhase section */

/* Begin PBXSourcesBuildPhase section */
		34A754AA1DD1AB97005D776B /* Sources */ = {
			isa = PBXSourcesBuildPhase;
			buildActionMask = 2147483647;
			files = (
				34A755021DD1CBDD005D776B /* NSData+Category.m in Sources */,
				34A755041DD1CBDD005D776B /* NSString+Category.m in Sources */,
				34A754B91DD1AB97005D776B /* ViewController.m in Sources */,
				34A755031DD1CBDD005D776B /* NDJson.m in Sources */,
				34A754B61DD1AB97005D776B /* AppDelegate.m in Sources */,
				34A754B31DD1AB97005D776B /* main.m in Sources */,
			);
			runOnlyForDeploymentPostprocessing = 0;
		};
		34A754C31DD1AB97005D776B /* Sources */ = {
			isa = PBXSourcesBuildPhase;
			buildActionMask = 2147483647;
			files = (
				34A754CC1DD1AB97005D776B /* YakirStringTests.m in Sources */,
			);
			runOnlyForDeploymentPostprocessing = 0;
		};
		34A754CE1DD1AB97005D776B /* Sources */ = {
			isa = PBXSourcesBuildPhase;
			buildActionMask = 2147483647;
			files = (
				34A754D71DD1AB97005D776B /* YakirStringUITests.m in Sources */,
			);
			runOnlyForDeploymentPostprocessing = 0;
		};
/* End PBXSourcesBuildPhase section */

/* Begin PBXTargetDependency section */
		34A754C91DD1AB97005D776B /* PBXTargetDependency */ = {
			isa = PBXTargetDependency;
			target = 34A754AD1DD1AB97005D776B /* YakirString */;
			targetProxy = 34A754C81DD1AB97005D776B /* PBXContainerItemProxy */;
		};
		34A754D41DD1AB97005D776B /* PBXTargetDependency */ = {
			isa = PBXTargetDependency;
			target = 34A754AD1DD1AB97005D776B /* YakirString */;
			targetProxy = 34A754D31DD1AB97005D776B /* PBXContainerItemProxy */;
		};
/* End PBXTargetDependency section */

/* Begin PBXVariantGroup section */
		34A754BA1DD1AB97005D776B /* Main.storyboard */ = {
			isa = PBXVariantGroup;
			children = (
				34A754BB1DD1AB97005D776B /* Base */,
			);
			name = Main.storyboard;
			sourceTree = "<group>";
		};
		34A754BF1DD1AB97005D776B /* LaunchScreen.storyboard */ = {
			isa = PBXVariantGroup;
			children = (
				34A754C01DD1AB97005D776B /* Base */,
			);
			name = LaunchScreen.storyboard;
			sourceTree = "<group>";
		};
/* End PBXVariantGroup section */

/* Begin XCBuildConfiguration section */
		34A754D91DD1AB97005D776B /* Debug */ = {
			isa = XCBuildConfiguration;
			buildSettings = {
				ALWAYS_SEARCH_USER_PATHS = NO;
				CLANG_ANALYZER_NONNULL = YES;
				CLANG_CXX_LANGUAGE_STANDARD = "gnu++0x";
				CLANG_CXX_LIBRARY = "libc++";
				CLANG_ENABLE_MODULES = YES;
				CLANG_ENABLE_OBJC_ARC = YES;
				CLANG_WARN_BOOL_CONVERSION = YES;
				CLANG_WARN_CONSTANT_CONVERSION = YES;
				CLANG_WARN_DIRECT_OBJC_ISA_USAGE = YES_ERROR;
				CLANG_WARN_DOCUMENTATION_COMMENTS = YES;
				CLANG_WARN_EMPTY_BODY = YES;
				CLANG_WARN_ENUM_CONVERSION = YES;
				CLANG_WARN_INFINITE_RECURSION = YES;
				CLANG_WARN_INT_CONVERSION = YES;
				CLANG_WARN_OBJC_ROOT_CLASS = YES_ERROR;
				CLANG_WARN_SUSPICIOUS_MOVES = YES;
				CLANG_WARN_UNREACHABLE_CODE = YES;
				CLANG_WARN__DUPLICATE_METHOD_MATCH = YES;
				"CODE_SIGN_IDENTITY[sdk=iphoneos*]" = "iPhone Developer";
				COPY_PHASE_STRIP = NO;
				DEBUG_INFORMATION_FORMAT = dwarf;
				ENABLE_STRICT_OBJC_MSGSEND = YES;
				ENABLE_TESTABILITY = YES;
				GCC_C_LANGUAGE_STANDARD = gnu99;
				GCC_DYNAMIC_NO_PIC = NO;
				GCC_NO_COMMON_BLOCKS = YES;
				GCC_OPTIMIZATION_LEVEL = 0;
				GCC_PREPROCESSOR_DEFINITIONS = (
					"DEBUG=1",
					"$(inherited)",
				);
				GCC_WARN_64_TO_32_BIT_CONVERSION = YES;
				GCC_WARN_ABOUT_RETURN_TYPE = YES_ERROR;
				GCC_WARN_UNDECLARED_SELECTOR = YES;
				GCC_WARN_UNINITIALIZED_AUTOS = YES_AGGRESSIVE;
				GCC_WARN_UNUSED_FUNCTION = YES;
				GCC_WARN_UNUSED_VARIABLE = YES;
				IPHONEOS_DEPLOYMENT_TARGET = 10.1;
				MTL_ENABLE_DEBUG_INFO = YES;
				ONLY_ACTIVE_ARCH = YES;
				SDKROOT = iphoneos;
				TARGETED_DEVICE_FAMILY = "1,2";
			};
			name = Debug;
		};
		34A754DA1DD1AB97005D776B /* Release */ = {
			isa = XCBuildConfiguration;
			buildSettings = {
				ALWAYS_SEARCH_USER_PATHS = NO;
				CLANG_ANALYZER_NONNULL = YES;
				CLANG_CXX_LANGUAGE_STANDARD = "gnu++0x";
				CLANG_CXX_LIBRARY = "libc++";
				CLANG_ENABLE_MODULES = YES;
				CLANG_ENABLE_OBJC_ARC = YES;
				CLANG_WARN_BOOL_CONVERSION = YES;
				CLANG_WARN_CONSTANT_CONVERSION = YES;
				CLANG_WARN_DIRECT_OBJC_ISA_USAGE = YES_ERROR;
				CLANG_WARN_DOCUMENTATION_COMMENTS = YES;
				CLANG_WARN_EMPTY_BODY = YES;
				CLANG_WARN_ENUM_CONVERSION = YES;
				CLANG_WARN_INFINITE_RECURSION = YES;
				CLANG_WARN_INT_CONVERSION = YES;
				CLANG_WARN_OBJC_ROOT_CLASS = YES_ERROR;
				CLANG_WARN_SUSPICIOUS_MOVES = YES;
				CLANG_WARN_UNREACHABLE_CODE = YES;
				CLANG_WARN__DUPLICATE_METHOD_MATCH = YES;
				"CODE_SIGN_IDENTITY[sdk=iphoneos*]" = "iPhone Developer";
				COPY_PHASE_STRIP = NO;
				DEBUG_INFORMATION_FORMAT = "dwarf-with-dsym";
				ENABLE_NS_ASSERTIONS = NO;
				ENABLE_STRICT_OBJC_MSGSEND = YES;
				GCC_C_LANGUAGE_STANDARD = gnu99;
				GCC_NO_COMMON_BLOCKS = YES;
				GCC_WARN_64_TO_32_BIT_CONVERSION = YES;
				GCC_WARN_ABOUT_RETURN_TYPE = YES_ERROR;
				GCC_WARN_UNDECLARED_SELECTOR = YES;
				GCC_WARN_UNINITIALIZED_AUTOS = YES_AGGRESSIVE;
				GCC_WARN_UNUSED_FUNCTION = YES;
				GCC_WARN_UNUSED_VARIABLE = YES;
				IPHONEOS_DEPLOYMENT_TARGET = 10.1;
				MTL_ENABLE_DEBUG_INFO = NO;
				SDKROOT = iphoneos;
				TARGETED_DEVICE_FAMILY = "1,2";
				VALIDATE_PRODUCT = YES;
			};
			name = Release;
		};
		34A754DC1DD1AB97005D776B /* Debug */ = {
			isa = XCBuildConfiguration;
			baseConfigurationReference = 7162E4C359E09ADFE5E0A5E3 /* Pods-YakirString.debug.xcconfig */;
			buildSettings = {
				ASSETCATALOG_COMPILER_APPICON_NAME = AppIcon;
				DEVELOPMENT_TEAM = 3NV5TP9U7U;
				INFOPLIST_FILE = YakirString/Info.plist;
				LD_RUNPATH_SEARCH_PATHS = "$(inherited) @executable_path/Frameworks";
				OTHER_LDFLAGS = (
					"$(inherited)",
					"-ObjC",
					"-l\"GTMBase64\"",
					"-licucore",
				);
				PRODUCT_BUNDLE_IDENTIFIER = ss.YakirString;
				PRODUCT_NAME = "$(TARGET_NAME)";
			};
			name = Debug;
		};
		34A754DD1DD1AB97005D776B /* Release */ = {
			isa = XCBuildConfiguration;
			baseConfigurationReference = 6AA7062F625A0E840FCAE16E /* Pods-YakirString.release.xcconfig */;
			buildSettings = {
				ASSETCATALOG_COMPILER_APPICON_NAME = AppIcon;
				DEVELOPMENT_TEAM = 3NV5TP9U7U;
				INFOPLIST_FILE = YakirString/Info.plist;
				LD_RUNPATH_SEARCH_PATHS = "$(inherited) @executable_path/Frameworks";
				OTHER_LDFLAGS = (
					"$(inherited)",
					"-ObjC",
					"-l\"GTMBase64\"",
					"-licucore",
				);
				PRODUCT_BUNDLE_IDENTIFIER = ss.YakirString;
				PRODUCT_NAME = "$(TARGET_NAME)";
			};
			name = Release;
		};
		34A754DF1DD1AB97005D776B /* Debug */ = {
			isa = XCBuildConfiguration;
			buildSettings = {
				BUNDLE_LOADER = "$(TEST_HOST)";
				DEVELOPMENT_TEAM = 3NV5TP9U7U;
				INFOPLIST_FILE = YakirStringTests/Info.plist;
				LD_RUNPATH_SEARCH_PATHS = "$(inherited) @executable_path/Frameworks @loader_path/Frameworks";
				PRODUCT_BUNDLE_IDENTIFIER = ss.YakirStringTests;
				PRODUCT_NAME = "$(TARGET_NAME)";
				TEST_HOST = "$(BUILT_PRODUCTS_DIR)/YakirString.app/YakirString";
			};
			name = Debug;
		};
		34A754E01DD1AB97005D776B /* Release */ = {
			isa = XCBuildConfiguration;
			buildSettings = {
				BUNDLE_LOADER = "$(TEST_HOST)";
				DEVELOPMENT_TEAM = 3NV5TP9U7U;
				INFOPLIST_FILE = YakirStringTests/Info.plist;
				LD_RUNPATH_SEARCH_PATHS = "$(inherited) @executable_path/Frameworks @loader_path/Frameworks";
				PRODUCT_BUNDLE_IDENTIFIER = ss.YakirStringTests;
				PRODUCT_NAME = "$(TARGET_NAME)";
				TEST_HOST = "$(BUILT_PRODUCTS_DIR)/YakirString.app/YakirString";
			};
			name = Release;
		};
		34A754E21DD1AB97005D776B /* Debug */ = {
			isa = XCBuildConfiguration;
			buildSettings = {
				DEVELOPMENT_TEAM = 3NV5TP9U7U;
				INFOPLIST_FILE = YakirStringUITests/Info.plist;
				LD_RUNPATH_SEARCH_PATHS = "$(inherited) @executable_path/Frameworks @loader_path/Frameworks";
				PRODUCT_BUNDLE_IDENTIFIER = ss.YakirStringUITests;
				PRODUCT_NAME = "$(TARGET_NAME)";
				TEST_TARGET_NAME = YakirString;
			};
			name = Debug;
		};
		34A754E31DD1AB97005D776B /* Release */ = {
			isa = XCBuildConfiguration;
			buildSettings = {
				DEVELOPMENT_TEAM = 3NV5TP9U7U;
				INFOPLIST_FILE = YakirStringUITests/Info.plist;
				LD_RUNPATH_SEARCH_PATHS = "$(inherited) @executable_path/Frameworks @loader_path/Frameworks";
				PRODUCT_BUNDLE_IDENTIFIER = ss.YakirStringUITests;
				PRODUCT_NAME = "$(TARGET_NAME)";
				TEST_TARGET_NAME = YakirString;
			};
			name = Release;
		};
/* End XCBuildConfiguration section */

/* Begin XCConfigurationList section */
		34A754A91DD1AB97005D776B /* Build configuration list for PBXProject "YakirString" */ = {
			isa = XCConfigurationList;
			buildConfigurations = (
				34A754D91DD1AB97005D776B /* Debug */,
				34A754DA1DD1AB97005D776B /* Release */,
			);
			defaultConfigurationIsVisible = 0;
			defaultConfigurationName = Release;
		};
		34A754DB1DD1AB97005D776B /* Build configuration list for PBXNativeTarget "YakirString" */ = {
			isa = XCConfigurationList;
			buildConfigurations = (
				34A754DC1DD1AB97005D776B /* Debug */,
				34A754DD1DD1AB97005D776B /* Release */,
			);
			defaultConfigurationIsVisible = 0;
			defaultConfigurationName = Release;
		};
		34A754DE1DD1AB97005D776B /* Build configuration list for PBXNativeTarget "YakirStringTests" */ = {
			isa = XCConfigurationList;
			buildConfigurations = (
				34A754DF1DD1AB97005D776B /* Debug */,
				34A754E01DD1AB97005D776B /* Release */,
			);
			defaultConfigurationIsVisible = 0;
			defaultConfigurationName = Release;
		};
		34A754E11DD1AB97005D776B /* Build configuration list for PBXNativeTarget "YakirStringUITests" */ = {
			isa = XCConfigurationList;
			buildConfigurations = (
				34A754E21DD1AB97005D776B /* Debug */,
				34A754E31DD1AB97005D776B /* Release */,
			);
			defaultConfigurationIsVisible = 0;
			defaultConfigurationName = Release;
		};
/* End XCConfigurationList section */
	};
	rootObject = 34A754A61DD1AB97005D776B /* Project object */;
}
